// !$*UTF8*$!
{
	archiveVersion = 1;
	classes = {
	};
	objectVersion = 48;
	objects = {

/* Begin PBXBuildFile section */
		11A9A7F11FC5371C008E80B7 /* AppDelegate.swift in Sources */ = {isa = PBXBuildFile; fileRef = 11A9A7F01FC5371C008E80B7 /* AppDelegate.swift */; };
		11A9A7F31FC5371C008E80B7 /* ViewController.swift in Sources */ = {isa = PBXBuildFile; fileRef = 11A9A7F21FC5371C008E80B7 /* ViewController.swift */; };
		11A9A7F61FC5371C008E80B7 /* Main.storyboard in Resources */ = {isa = PBXBuildFile; fileRef = 11A9A7F41FC5371C008E80B7 /* Main.storyboard */; };
		11A9A7F81FC5371C008E80B7 /* Assets.xcassets in Resources */ = {isa = PBXBuildFile; fileRef = 11A9A7F71FC5371C008E80B7 /* Assets.xcassets */; };
		11A9A7FB1FC5371C008E80B7 /* LaunchScreen.storyboard in Resources */ = {isa = PBXBuildFile; fileRef = 11A9A7F91FC5371C008E80B7 /* LaunchScreen.storyboard */; };
		11A9A8061FC5371C008E80B7 /* CodeInTests.swift in Sources */ = {isa = PBXBuildFile; fileRef = 11A9A8051FC5371C008E80B7 /* CodeInTests.swift */; };
		11A9A8111FC5371C008E80B7 /* CodeInUITests.swift in Sources */ = {isa = PBXBuildFile; fileRef = 11A9A8101FC5371C008E80B7 /* CodeInUITests.swift */; };
/* End PBXBuildFile section */

/* Begin PBXContainerItemProxy section */
		11A9A8021FC5371C008E80B7 /* PBXContainerItemProxy */ = {
			isa = PBXContainerItemProxy;
			containerPortal = 11A9A7E51FC5371B008E80B7 /* Project object */;
			proxyType = 1;
			remoteGlobalIDString = 11A9A7EC1FC5371B008E80B7;
			remoteInfo = CodeIn;
		};
		11A9A80D1FC5371C008E80B7 /* PBXContainerItemProxy */ = {
			isa = PBXContainerItemProxy;
			containerPortal = 11A9A7E51FC5371B008E80B7 /* Project object */;
			proxyType = 1;
			remoteGlobalIDString = 11A9A7EC1FC5371B008E80B7;
			remoteInfo = CodeIn;
		};
/* End PBXContainerItemProxy section */

/* Begin PBXFileReference section */
		11A9A7ED1FC5371B008E80B7 /* CodeIn.app */ = {isa = PBXFileReference; explicitFileType = wrapper.application; includeInIndex = 0; path = CodeIn.app; sourceTree = BUILT_PRODUCTS_DIR; };
		11A9A7F01FC5371C008E80B7 /* AppDelegate.swift */ = {isa = PBXFileReference; lastKnownFileType = sourcecode.swift; path = AppDelegate.swift; sourceTree = "<group>"; };
		11A9A7F21FC5371C008E80B7 /* ViewController.swift */ = {isa = PBXFileReference; lastKnownFileType = sourcecode.swift; path = ViewController.swift; sourceTree = "<group>"; };
		11A9A7F51FC5371C008E80B7 /* Base */ = {isa = PBXFileReference; lastKnownFileType = file.storyboard; name = Base; path = Base.lproj/Main.storyboard; sourceTree = "<group>"; };
		11A9A7F71FC5371C008E80B7 /* Assets.xcassets */ = {isa = PBXFileReference; lastKnownFileType = folder.assetcatalog; path = Assets.xcassets; sourceTree = "<group>"; };
		11A9A7FA1FC5371C008E80B7 /* Base */ = {isa = PBXFileReference; lastKnownFileType = file.storyboard; name = Base; path = Base.lproj/LaunchScreen.storyboard; sourceTree = "<group>"; };
		11A9A7FC1FC5371C008E80B7 /* Info.plist */ = {isa = PBXFileReference; lastKnownFileType = text.plist.xml; path = Info.plist; sourceTree = "<group>"; };
		11A9A8011FC5371C008E80B7 /* CodeInTests.xctest */ = {isa = PBXFileReference; explicitFileType = wrapper.cfbundle; includeInIndex = 0; path = CodeInTests.xctest; sourceTree = BUILT_PRODUCTS_DIR; };
		11A9A8051FC5371C008E80B7 /* CodeInTests.swift */ = {isa = PBXFileReference; lastKnownFileType = sourcecode.swift; path = CodeInTests.swift; sourceTree = "<group>"; };
		11A9A8071FC5371C008E80B7 /* Info.plist */ = {isa = PBXFileReference; lastKnownFileType = text.plist.xml; path = Info.plist; sourceTree = "<group>"; };
		11A9A80C1FC5371C008E80B7 /* CodeInUITests.xctest */ = {isa = PBXFileReference; explicitFileType = wrapper.cfbundle; includeInIndex = 0; path = CodeInUITests.xctest; sourceTree = BUILT_PRODUCTS_DIR; };
		11A9A8101FC5371C008E80B7 /* CodeInUITests.swift */ = {isa = PBXFileReference; lastKnownFileType = sourcecode.swift; path = CodeInUITests.swift; sourceTree = "<group>"; };
		11A9A8121FC5371C008E80B7 /* Info.plist */ = {isa = PBXFileReference; lastKnownFileType = text.plist.xml; path = Info.plist; sourceTree = "<group>"; };
/* End PBXFileReference section */

/* Begin PBXFrameworksBuildPhase section */
		11A9A7EA1FC5371B008E80B7 /* Frameworks */ = {
			isa = PBXFrameworksBuildPhase;
			buildActionMask = 2147483647;
			files = (
			);
			runOnlyForDeploymentPostprocessing = 0;
		};
		11A9A7FE1FC5371C008E80B7 /* Frameworks */ = {
			isa = PBXFrameworksBuildPhase;
			buildActionMask = 2147483647;
			files = (
			);
			runOnlyForDeploymentPostprocessing = 0;
		};
		11A9A8091FC5371C008E80B7 /* Frameworks */ = {
			isa = PBXFrameworksBuildPhase;
			buildActionMask = 2147483647;
			files = (
			);
			runOnlyForDeploymentPostprocessing = 0;
		};
/* End PBXFrameworksBuildPhase section */

/* Begin PBXGroup section */
		11A9A7E41FC5371B008E80B7 = {
			isa = PBXGroup;
			children = (
				11A9A7EF1FC5371B008E80B7 /* CodeIn */,
				11A9A8041FC5371C008E80B7 /* CodeInTests */,
				11A9A80F1FC5371C008E80B7 /* CodeInUITests */,
				11A9A7EE1FC5371B008E80B7 /* Products */,
			);
			sourceTree = "<group>";
		};
		11A9A7EE1FC5371B008E80B7 /* Products */ = {
			isa = PBXGroup;
			children = (
				11A9A7ED1FC5371B008E80B7 /* CodeIn.app */,
				11A9A8011FC5371C008E80B7 /* CodeInTests.xctest */,
				11A9A80C1FC5371C008E80B7 /* CodeInUITests.xctest */,
			);
			name = Products;
			sourceTree = "<group>";
		};
		11A9A7EF1FC5371B008E80B7 /* CodeIn */ = {
			isa = PBXGroup;
			children = (
				11A9A7F01FC5371C008E80B7 /* AppDelegate.swift */,
				11A9A7F21FC5371C008E80B7 /* ViewController.swift */,
				11A9A7F41FC5371C008E80B7 /* Main.storyboard */,
				11A9A7F71FC5371C008E80B7 /* Assets.xcassets */,
				11A9A7F91FC5371C008E80B7 /* LaunchScreen.storyboard */,
				11A9A7FC1FC5371C008E80B7 /* Info.plist */,
			);
			path = CodeIn;
			sourceTree = "<group>";
		};
		11A9A8041FC5371C008E80B7 /* CodeInTests */ = {
			isa = PBXGroup;
			children = (
				11A9A8051FC5371C008E80B7 /* CodeInTests.swift */,
				11A9A8071FC5371C008E80B7 /* Info.plist */,
			);
			path = CodeInTests;
			sourceTree = "<group>";
		};
		11A9A80F1FC5371C008E80B7 /* CodeInUITests */ = {
			isa = PBXGroup;
			children = (
				11A9A8101FC5371C008E80B7 /* CodeInUITests.swift */,
				11A9A8121FC5371C008E80B7 /* Info.plist */,
			);
			path = CodeInUITests;
			sourceTree = "<group>";
		};
/* End PBXGroup section */

/* Begin PBXNativeTarget section */
		11A9A7EC1FC5371B008E80B7 /* CodeIn */ = {
			isa = PBXNativeTarget;
			buildConfigurationList = 11A9A8151FC5371C008E80B7 /* Build configuration list for PBXNativeTarget "CodeIn" */;
			buildPhases = (
				11A9A7E91FC5371B008E80B7 /* Sources */,
				11A9A7EA1FC5371B008E80B7 /* Frameworks */,
				11A9A7EB1FC5371B008E80B7 /* Resources */,
			);
			buildRules = (
			);
			dependencies = (
			);
			name = CodeIn;
			productName = CodeIn;
			productReference = 11A9A7ED1FC5371B008E80B7 /* CodeIn.app */;
			productType = "com.apple.product-type.application";
		};
		11A9A8001FC5371C008E80B7 /* CodeInTests */ = {
			isa = PBXNativeTarget;
			buildConfigurationList = 11A9A8181FC5371C008E80B7 /* Build configuration list for PBXNativeTarget "CodeInTests" */;
			buildPhases = (
				11A9A7FD1FC5371C008E80B7 /* Sources */,
				11A9A7FE1FC5371C008E80B7 /* Frameworks */,
				11A9A7FF1FC5371C008E80B7 /* Resources */,
			);
			buildRules = (
			);
			dependencies = (
				11A9A8031FC5371C008E80B7 /* PBXTargetDependency */,
			);
			name = CodeInTests;
			productName = CodeInTests;
			productReference = 11A9A8011FC5371C008E80B7 /* CodeInTests.xctest */;
			productType = "com.apple.product-type.bundle.unit-test";
		};
		11A9A80B1FC5371C008E80B7 /* CodeInUITests */ = {
			isa = PBXNativeTarget;
			buildConfigurationList = 11A9A81B1FC5371C008E80B7 /* Build configuration list for PBXNativeTarget "CodeInUITests" */;
			buildPhases = (
				11A9A8081FC5371C008E80B7 /* Sources */,
				11A9A8091FC5371C008E80B7 /* Frameworks */,
				11A9A80A1FC5371C008E80B7 /* Resources */,
			);
			buildRules = (
			);
			dependencies = (
				11A9A80E1FC5371C008E80B7 /* PBXTargetDependency */,
			);
			name = CodeInUITests;
			productName = CodeInUITests;
			productReference = 11A9A80C1FC5371C008E80B7 /* CodeInUITests.xctest */;
			productType = "com.apple.product-type.bundle.ui-testing";
		};
/* End PBXNativeTarget section */

/* Begin PBXProject section */
		11A9A7E51FC5371B008E80B7 /* Project object */ = {
			isa = PBXProject;
			attributes = {
				LastSwiftUpdateCheck = 0910;
				LastUpgradeCheck = 0910;
				ORGANIZATIONNAME = "BrahManH Pty Ltd";
				TargetAttributes = {
					11A9A7EC1FC5371B008E80B7 = {
						CreatedOnToolsVersion = 9.1;
						ProvisioningStyle = Automatic;
					};
					11A9A8001FC5371C008E80B7 = {
						CreatedOnToolsVersion = 9.1;
						ProvisioningStyle = Automatic;
						TestTargetID = 11A9A7EC1FC5371B008E80B7;
					};
					11A9A80B1FC5371C008E80B7 = {
						CreatedOnToolsVersion = 9.1;
						ProvisioningStyle = Automatic;
						TestTargetID = 11A9A7EC1FC5371B008E80B7;
					};
				};
			};
			buildConfigurationList = 11A9A7E81FC5371B008E80B7 /* Build configuration list for PBXProject "CodeIn" */;
			compatibilityVersion = "Xcode 8.0";
			developmentRegion = en;
			hasScannedForEncodings = 0;
			knownRegions = (
				en,
				Base,
			);
			mainGroup = 11A9A7E41FC5371B008E80B7;
			productRefGroup = 11A9A7EE1FC5371B008E80B7 /* Products */;
			projectDirPath = "";
			projectRoot = "";
			targets = (
				11A9A7EC1FC5371B008E80B7 /* CodeIn */,
				11A9A8001FC5371C008E80B7 /* CodeInTests */,
				11A9A80B1FC5371C008E80B7 /* CodeInUITests */,
			);
		};
/* End PBXProject section */

/* Begin PBXResourcesBuildPhase section */
		11A9A7EB1FC5371B008E80B7 /* Resources */ = {
			isa = PBXResourcesBuildPhase;
			buildActionMask = 2147483647;
			files = (
				11A9A7FB1FC5371C008E80B7 /* LaunchScreen.storyboard in Resources */,
				11A9A7F81FC5371C008E80B7 /* Assets.xcassets in Resources */,
				11A9A7F61FC5371C008E80B7 /* Main.storyboard in Resources */,
			);
			runOnlyForDeploymentPostprocessing = 0;
		};
		11A9A7FF1FC5371C008E80B7 /* Resources */ = {
			isa = PBXResourcesBuildPhase;
			buildActionMask = 2147483647;
			files = (
			);
			runOnlyForDeploymentPostprocessing = 0;
		};
		11A9A80A1FC5371C008E80B7 /* Resources */ = {
			isa = PBXResourcesBuildPhase;
			buildActionMask = 2147483647;
			files = (
			);
			runOnlyForDeploymentPostprocessing = 0;
		};
/* End PBXResourcesBuildPhase section */

/* Begin PBXSourcesBuildPhase section */
		11A9A7E91FC5371B008E80B7 /* Sources */ = {
			isa = PBXSourcesBuildPhase;
			buildActionMask = 2147483647;
			files = (
				11A9A7F31FC5371C008E80B7 /* ViewController.swift in Sources */,
				11A9A7F11FC5371C008E80B7 /* AppDelegate.swift in Sources */,
			);
			runOnlyForDeploymentPostprocessing = 0;
		};
		11A9A7FD1FC5371C008E80B7 /* Sources */ = {
			isa = PBXSourcesBuildPhase;
			buildActionMask = 2147483647;
			files = (
				11A9A8061FC5371C008E80B7 /* CodeInTests.swift in Sources */,
			);
			runOnlyForDeploymentPostprocessing = 0;
		};
		11A9A8081FC5371C008E80B7 /* Sources */ = {
			isa = PBXSourcesBuildPhase;
			buildActionMask = 2147483647;
			files = (
				11A9A8111FC5371C008E80B7 /* CodeInUITests.swift in Sources */,
			);
			runOnlyForDeploymentPostprocessing = 0;
		};
/* End PBXSourcesBuildPhase section */

/* Begin PBXTargetDependency section */
		11A9A8031FC5371C008E80B7 /* PBXTargetDependency */ = {
			isa = PBXTargetDependency;
			target = 11A9A7EC1FC5371B008E80B7 /* CodeIn */;
			targetProxy = 11A9A8021FC5371C008E80B7 /* PBXContainerItemProxy */;
		};
		11A9A80E1FC5371C008E80B7 /* PBXTargetDependency */ = {
			isa = PBXTargetDependency;
			target = 11A9A7EC1FC5371B008E80B7 /* CodeIn */;
			targetProxy = 11A9A80D1FC5371C008E80B7 /* PBXContainerItemProxy */;
		};
/* End PBXTargetDependency section */

/* Begin PBXVariantGroup section */
		11A9A7F41FC5371C008E80B7 /* Main.storyboard */ = {
			isa = PBXVariantGroup;
			children = (
				11A9A7F51FC5371C008E80B7 /* Base */,
			);
			name = Main.storyboard;
			sourceTree = "<group>";
		};
		11A9A7F91FC5371C008E80B7 /* LaunchScreen.storyboard */ = {
			isa = PBXVariantGroup;
			children = (
				11A9A7FA1FC5371C008E80B7 /* Base */,
			);
			name = LaunchScreen.storyboard;
			sourceTree = "<group>";
		};
/* End PBXVariantGroup section */

/* Begin XCBuildConfiguration section */
		11A9A8131FC5371C008E80B7 /* Debug */ = {
			isa = XCBuildConfiguration;
			buildSettings = {
				ALWAYS_SEARCH_USER_PATHS = NO;
				CLANG_ANALYZER_NONNULL = YES;
				CLANG_ANALYZER_NUMBER_OBJECT_CONVERSION = YES_AGGRESSIVE;
				CLANG_CXX_LANGUAGE_STANDARD = "gnu++14";
				CLANG_CXX_LIBRARY = "libc++";
				CLANG_ENABLE_MODULES = YES;
				CLANG_ENABLE_OBJC_ARC = YES;
				CLANG_WARN_BLOCK_CAPTURE_AUTORELEASING = YES;
				CLANG_WARN_BOOL_CONVERSION = YES;
				CLANG_WARN_COMMA = YES;
				CLANG_WARN_CONSTANT_CONVERSION = YES;
				CLANG_WARN_DIRECT_OBJC_ISA_USAGE = YES_ERROR;
				CLANG_WARN_DOCUMENTATION_COMMENTS = YES;
				CLANG_WARN_EMPTY_BODY = YES;
				CLANG_WARN_ENUM_CONVERSION = YES;
				CLANG_WARN_INFINITE_RECURSION = YES;
				CLANG_WARN_INT_CONVERSION = YES;
				CLANG_WARN_NON_LITERAL_NULL_CONVERSION = YES;
				CLANG_WARN_OBJC_LITERAL_CONVERSION = YES;
				CLANG_WARN_OBJC_ROOT_CLASS = YES_ERROR;
				CLANG_WARN_RANGE_LOOP_ANALYSIS = YES;
				CLANG_WARN_STRICT_PROTOTYPES = YES;
				CLANG_WARN_SUSPICIOUS_MOVE = YES;
				CLANG_WARN_UNGUARDED_AVAILABILITY = YES_AGGRESSIVE;
				CLANG_WARN_UNREACHABLE_CODE = YES;
				CLANG_WARN__DUPLICATE_METHOD_MATCH = YES;
				CODE_SIGN_IDENTITY = "iPhone Developer";
				COPY_PHASE_STRIP = NO;
				DEBUG_INFORMATION_FORMAT = dwarf;
				ENABLE_STRICT_OBJC_MSGSEND = YES;
				ENABLE_TESTABILITY = YES;
				GCC_C_LANGUAGE_STANDARD = gnu11;
				GCC_DYNAMIC_NO_PIC = NO;
				GCC_NO_COMMON_BLOCKS = YES;
				GCC_OPTIMIZATION_LEVEL = 0;
				GCC_PREPROCESSOR_DEFINITIONS = (
					"DEBUG=1",
					"$(inherited)",
				);
				GCC_WARN_64_TO_32_BIT_CONVERSION = YES;
				GCC_WARN_ABOUT_RETURN_TYPE = YES_ERROR;
				GCC_WARN_UNDECLARED_SELECTOR = YES;
				GCC_WARN_UNINITIALIZED_AUTOS = YES_AGGRESSIVE;
				GCC_WARN_UNUSED_FUNCTION = YES;
				GCC_WARN_UNUSED_VARIABLE = YES;
				IPHONEOS_DEPLOYMENT_TARGET = 11.1;
				MTL_ENABLE_DEBUG_INFO = YES;
				ONLY_ACTIVE_ARCH = YES;
				SDKROOT = iphoneos;
				SWIFT_ACTIVE_COMPILATION_CONDITIONS = DEBUG;
				SWIFT_OPTIMIZATION_LEVEL = "-Onone";
			};
			name = Debug;
		};
		11A9A8141FC5371C008E80B7 /* Release */ = {
			isa = XCBuildConfiguration;
			buildSettings = {
				ALWAYS_SEARCH_USER_PATHS = NO;
				CLANG_ANALYZER_NONNULL = YES;
				CLANG_ANALYZER_NUMBER_OBJECT_CONVERSION = YES_AGGRESSIVE;
				CLANG_CXX_LANGUAGE_STANDARD = "gnu++14";
				CLANG_CXX_LIBRARY = "libc++";
				CLANG_ENABLE_MODULES = YES;
				CLANG_ENABLE_OBJC_ARC = YES;
				CLANG_WARN_BLOCK_CAPTURE_AUTORELEASING = YES;
				CLANG_WARN_BOOL_CONVERSION = YES;
				CLANG_WARN_COMMA = YES;
				CLANG_WARN_CONSTANT_CONVERSION = YES;
				CLANG_WARN_DIRECT_OBJC_ISA_USAGE = YES_ERROR;
				CLANG_WARN_DOCUMENTATION_COMMENTS = YES;
				CLANG_WARN_EMPTY_BODY = YES;
				CLANG_WARN_ENUM_CONVERSION = YES;
				CLANG_WARN_INFINITE_RECURSION = YES;
				CLANG_WARN_INT_CONVERSION = YES;
				CLANG_WARN_NON_LITERAL_NULL_CONVERSION = YES;
				CLANG_WARN_OBJC_LITERAL_CONVERSION = YES;
				CLANG_WARN_OBJC_ROOT_CLASS = YES_ERROR;
				CLANG_WARN_RANGE_LOOP_ANALYSIS = YES;
				CLANG_WARN_STRICT_PROTOTYPES = YES;
				CLANG_WARN_SUSPICIOUS_MOVE = YES;
				CLANG_WARN_UNGUARDED_AVAILABILITY = YES_AGGRESSIVE;
				CLANG_WARN_UNREACHABLE_CODE = YES;
				CLANG_WARN__DUPLICATE_METHOD_MATCH = YES;
				CODE_SIGN_IDENTITY = "iPhone Developer";
				COPY_PHASE_STRIP = NO;
				DEBUG_INFORMATION_FORMAT = "dwarf-with-dsym";
				ENABLE_NS_ASSERTIONS = NO;
				ENABLE_STRICT_OBJC_MSGSEND = YES;
				GCC_C_LANGUAGE_STANDARD = gnu11;
				GCC_NO_COMMON_BLOCKS = YES;
				GCC_WARN_64_TO_32_BIT_CONVERSION = YES;
				GCC_WARN_ABOUT_RETURN_TYPE = YES_ERROR;
				GCC_WARN_UNDECLARED_SELECTOR = YES;
				GCC_WARN_UNINITIALIZED_AUTOS = YES_AGGRESSIVE;
				GCC_WARN_UNUSED_FUNCTION = YES;
				GCC_WARN_UNUSED_VARIABLE = YES;
				IPHONEOS_DEPLOYMENT_TARGET = 11.1;
				MTL_ENABLE_DEBUG_INFO = NO;
				SDKROOT = iphoneos;
				SWIFT_OPTIMIZATION_LEVEL = "-Owholemodule";
				VALIDATE_PRODUCT = YES;
			};
			name = Release;
		};
		11A9A8161FC5371C008E80B7 /* Debug */ = {
			isa = XCBuildConfiguration;
			buildSettings = {
				ASSETCATALOG_COMPILER_APPICON_NAME = AppIcon;
				CODE_SIGN_STYLE = Automatic;
				INFOPLIST_FILE = CodeIn/Info.plist;
				LD_RUNPATH_SEARCH_PATHS = "$(inherited) @executable_path/Frameworks";
				PRODUCT_BUNDLE_IDENTIFIER = com.bmh.codein.CodeIn;
				PRODUCT_NAME = "$(TARGET_NAME)";
				SWIFT_VERSION = 4.0;
				TARGETED_DEVICE_FAMILY = "1,2";
			};
			name = Debug;
		};
		11A9A8171FC5371C008E80B7 /* Release */ = {
			isa = XCBuildConfiguration;
			buildSettings = {
				ASSETCATALOG_COMPILER_APPICON_NAME = AppIcon;
				CODE_SIGN_STYLE = Automatic;
				INFOPLIST_FILE = CodeIn/Info.plist;
				LD_RUNPATH_SEARCH_PATHS = "$(inherited) @executable_path/Frameworks";
				PRODUCT_BUNDLE_IDENTIFIER = com.bmh.codein.CodeIn;
				PRODUCT_NAME = "$(TARGET_NAME)";
				SWIFT_VERSION = 4.0;
				TARGETED_DEVICE_FAMILY = "1,2";
			};
			name = Release;
		};
		11A9A8191FC5371C008E80B7 /* Debug */ = {
			isa = XCBuildConfiguration;
			buildSettings = {
				ALWAYS_EMBED_SWIFT_STANDARD_LIBRARIES = YES;
				BUNDLE_LOADER = "$(TEST_HOST)";
				CODE_SIGN_STYLE = Automatic;
				INFOPLIST_FILE = CodeInTests/Info.plist;
				LD_RUNPATH_SEARCH_PATHS = "$(inherited) @executable_path/Frameworks @loader_path/Frameworks";
				PRODUCT_BUNDLE_IDENTIFIER = com.bmh.codein.CodeInTests;
				PRODUCT_NAME = "$(TARGET_NAME)";
				SWIFT_VERSION = 4.0;
				TARGETED_DEVICE_FAMILY = "1,2";
				TEST_HOST = "$(BUILT_PRODUCTS_DIR)/CodeIn.app/CodeIn";
			};
			name = Debug;
		};
		11A9A81A1FC5371C008E80B7 /* Release */ = {
			isa = XCBuildConfiguration;
			buildSettings = {
				ALWAYS_EMBED_SWIFT_STANDARD_LIBRARIES = YES;
				BUNDLE_LOADER = "$(TEST_HOST)";
				CODE_SIGN_STYLE = Automatic;
				INFOPLIST_FILE = CodeInTests/Info.plist;
				LD_RUNPATH_SEARCH_PATHS = "$(inherited) @executable_path/Frameworks @loader_path/Frameworks";
				PRODUCT_BUNDLE_IDENTIFIER = com.bmh.codein.CodeInTests;
				PRODUCT_NAME = "$(TARGET_NAME)";
				SWIFT_VERSION = 4.0;
				TARGETED_DEVICE_FAMILY = "1,2";
				TEST_HOST = "$(BUILT_PRODUCTS_DIR)/CodeIn.app/CodeIn";
			};
			name = Release;
		};
		11A9A81C1FC5371C008E80B7 /* Debug */ = {
			isa = XCBuildConfiguration;
			buildSettings = {
				ALWAYS_EMBED_SWIFT_STANDARD_LIBRARIES = YES;
				CODE_SIGN_STYLE = Automatic;
				INFOPLIST_FILE = CodeInUITests/Info.plist;
				LD_RUNPATH_SEARCH_PATHS = "$(inherited) @executable_path/Frameworks @loader_path/Frameworks";
				PRODUCT_BUNDLE_IDENTIFIER = com.bmh.codein.CodeInUITests;
				PRODUCT_NAME = "$(TARGET_NAME)";
				SWIFT_VERSION = 4.0;
				TARGETED_DEVICE_FAMILY = "1,2";
				TEST_TARGET_NAME = CodeIn;
			};
			name = Debug;
		};
		11A9A81D1FC5371C008E80B7 /* Release */ = {
			isa = XCBuildConfiguration;
			buildSettings = {
				ALWAYS_EMBED_SWIFT_STANDARD_LIBRARIES = YES;
				CODE_SIGN_STYLE = Automatic;
				INFOPLIST_FILE = CodeInUITests/Info.plist;
				LD_RUNPATH_SEARCH_PATHS = "$(inherited) @executable_path/Frameworks @loader_path/Frameworks";
				PRODUCT_BUNDLE_IDENTIFIER = com.bmh.codein.CodeInUITests;
				PRODUCT_NAME = "$(TARGET_NAME)";
				SWIFT_VERSION = 4.0;
				TARGETED_DEVICE_FAMILY = "1,2";
				TEST_TARGET_NAME = CodeIn;
			};
			name = Release;
		};
/* End XCBuildConfiguration section */

/* Begin XCConfigurationList section */
		11A9A7E81FC5371B008E80B7 /* Build configuration list for PBXProject "CodeIn" */ = {
			isa = XCConfigurationList;
			buildConfigurations = (
				11A9A8131FC5371C008E80B7 /* Debug */,
				11A9A8141FC5371C008E80B7 /* Release */,
			);
			defaultConfigurationIsVisible = 0;
			defaultConfigurationName = Release;
		};
		11A9A8151FC5371C008E80B7 /* Build configuration list for PBXNativeTarget "CodeIn" */ = {
			isa = XCConfigurationList;
			buildConfigurations = (
				11A9A8161FC5371C008E80B7 /* Debug */,
				11A9A8171FC5371C008E80B7 /* Release */,
			);
			defaultConfigurationIsVisible = 0;
			defaultConfigurationName = Release;
		};
		11A9A8181FC5371C008E80B7 /* Build configuration list for PBXNativeTarget "CodeInTests" */ = {
			isa = XCConfigurationList;
			buildConfigurations = (
				11A9A8191FC5371C008E80B7 /* Debug */,
				11A9A81A1FC5371C008E80B7 /* Release */,
			);
			defaultConfigurationIsVisible = 0;
			defaultConfigurationName = Release;
		};
		11A9A81B1FC5371C008E80B7 /* Build configuration list for PBXNativeTarget "CodeInUITests" */ = {
			isa = XCConfigurationList;
			buildConfigurations = (
				11A9A81C1FC5371C008E80B7 /* Debug */,
				11A9A81D1FC5371C008E80B7 /* Release */,
			);
			defaultConfigurationIsVisible = 0;
			defaultConfigurationName = Release;
		};
/* End XCConfigurationList section */
	};
	rootObject = 11A9A7E51FC5371B008E80B7 /* Project object */;
}
